
Microsoft Visual Studio Solution File, Format Version 12.00
# Visual Studio Version 17
VisualStudioVersion = 17.9.34902.65
MinimumVisualStudioVersion = 10.0.40219.1
Project("{9A19103F-16F7-4668-BE54-9A1E7A4F7556}") = "Carahsoft.Calliope", "Carahsoft.Calliope\Carahsoft.Calliope.csproj", "{2663EE96-0597-4415-9FA3-ED6DC08070C8}"
EndProject
Project("{9A19103F-16F7-4668-BE54-9A1E7A4F7556}") = "CalliopePrintExample", "Examples\CalliopePrintExample\CalliopePrintExample.csproj", "{BBAF966B-8095-41EA-839C-C49B8622EF83}"
EndProject
Project("{2150E333-8FDC-42A3-9474-1A3956D46DE8}") = "Examples", "Examples", "{9059C6CB-6B5F-4758-B7CF-0B43D22B8983}"
EndProject
Project("{9A19103F-16F7-4668-BE54-9A1E7A4F7556}") = "LoadingBarExample", "Examples\LoadingBarExample\LoadingBarExample.csproj", "{C09BD04E-4FD6-4AFD-A997-1B20122BFCBE}"
EndProject
Project("{9A19103F-16F7-4668-BE54-9A1E7A4F7556}") = "FullscreenExample", "Examples\FullscreenExample\FullscreenExample.csproj", "{CED2D87B-A796-4372-8B69-4273850DF32D}"
EndProject
Project("{9A19103F-16F7-4668-BE54-9A1E7A4F7556}") = "HackerTextExample", "Examples\HackerTextExample\HackerTextExample.csproj", "{A030528B-3E66-4B21-B839-80D859BBFE55}"
EndProject
Project("{9A19103F-16F7-4668-BE54-9A1E7A4F7556}") = "TextEffectExample", "Examples\TextEffectExample\TextEffectExample.csproj", "{24D4950A-F2CB-421E-BC4E-2B867345A29D}"
EndProject
Project("{9A19103F-16F7-4668-BE54-9A1E7A4F7556}") = "CounterExample", "Examples\CounterExample\CounterExample.csproj", "{88E3E412-4BE1-4B09-9ADA-250C0429520A}"
EndProject
Project("{9A19103F-16F7-4668-BE54-9A1E7A4F7556}") = "TableExample", "Examples\TableExample\TableExample.csproj", "{3570EFCD-C413-419C-9C00-3A7BF9EE1DB4}"
EndProject
Project("{9A19103F-16F7-4668-BE54-9A1E7A4F7556}") = "MultiSelectExample", "Examples\MultiSelectExample\MultiSelectExample.csproj", "{BE9099BE-5DC3-4E33-B2DB-C5B881F73584}"
EndProject
Project("{9A19103F-16F7-4668-BE54-9A1E7A4F7556}") = "LoadingSpinnerExample", "Examples\LoadingSpinnerExample\LoadingSpinnerExample.csproj", "{E70A9485-4A9C-41BC-AF8F-1B64755A9332}"
EndProject
Project("{9A19103F-16F7-4668-BE54-9A1E7A4F7556}") = "CustomAnimationExample", "Examples\CustomAnimationExample\CustomAnimationExample.csproj", "{1CDA5BBC-CCC4-4C37-BC03-6233BF177E5A}"
EndProject
Project("{FAE04EC0-301F-11D3-BF4B-00C04F79EFBC}") = "StyleExample", "Examples\StyleExample\StyleExample.csproj", "{BDF5034F-5E2B-328B-CA81-A9700A5A1D3A}"
EndProject
Global
	GlobalSection(SolutionConfigurationPlatforms) = preSolution
		Debug|Any CPU = Debug|Any CPU
		Release|Any CPU = Release|Any CPU
	EndGlobalSection
	GlobalSection(ProjectConfigurationPlatforms) = postSolution
		{2663EE96-0597-4415-9FA3-ED6DC08070C8}.Debug|Any CPU.ActiveCfg = Debug|Any CPU
		{2663EE96-0597-4415-9FA3-ED6DC08070C8}.Debug|Any CPU.Build.0 = Debug|Any CPU
		{2663EE96-0597-4415-9FA3-ED6DC08070C8}.Release|Any CPU.ActiveCfg = Release|Any CPU
		{2663EE96-0597-4415-9FA3-ED6DC08070C8}.Release|Any CPU.Build.0 = Release|Any CPU
		{BBAF966B-8095-41EA-839C-C49B8622EF83}.Debug|Any CPU.ActiveCfg = Debug|Any CPU
		{BBAF966B-8095-41EA-839C-C49B8622EF83}.Debug|Any CPU.Build.0 = Debug|Any CPU
		{BBAF966B-8095-41EA-839C-C49B8622EF83}.Release|Any CPU.ActiveCfg = Release|Any CPU
		{BBAF966B-8095-41EA-839C-C49B8622EF83}.Release|Any CPU.Build.0 = Release|Any CPU
		{C09BD04E-4FD6-4AFD-A997-1B20122BFCBE}.Debug|Any CPU.ActiveCfg = Debug|Any CPU
		{C09BD04E-4FD6-4AFD-A997-1B20122BFCBE}.Debug|Any CPU.Build.0 = Debug|Any CPU
		{C09BD04E-4FD6-4AFD-A997-1B20122BFCBE}.Release|Any CPU.ActiveCfg = Release|Any CPU
		{C09BD04E-4FD6-4AFD-A997-1B20122BFCBE}.Release|Any CPU.Build.0 = Release|Any CPU
		{CED2D87B-A796-4372-8B69-4273850DF32D}.Debug|Any CPU.ActiveCfg = Debug|Any CPU
		{CED2D87B-A796-4372-8B69-4273850DF32D}.Debug|Any CPU.Build.0 = Debug|Any CPU
		{CED2D87B-A796-4372-8B69-4273850DF32D}.Release|Any CPU.ActiveCfg = Release|Any CPU
		{CED2D87B-A796-4372-8B69-4273850DF32D}.Release|Any CPU.Build.0 = Release|Any CPU
		{A030528B-3E66-4B21-B839-80D859BBFE55}.Debug|Any CPU.ActiveCfg = Debug|Any CPU
		{A030528B-3E66-4B21-B839-80D859BBFE55}.Debug|Any CPU.Build.0 = Debug|Any CPU
		{A030528B-3E66-4B21-B839-80D859BBFE55}.Release|Any CPU.ActiveCfg = Release|Any CPU
		{A030528B-3E66-4B21-B839-80D859BBFE55}.Release|Any CPU.Build.0 = Release|Any CPU
		{24D4950A-F2CB-421E-BC4E-2B867345A29D}.Debug|Any CPU.ActiveCfg = Debug|Any CPU
		{24D4950A-F2CB-421E-BC4E-2B867345A29D}.Debug|Any CPU.Build.0 = Debug|Any CPU
		{24D4950A-F2CB-421E-BC4E-2B867345A29D}.Release|Any CPU.ActiveCfg = Release|Any CPU
		{24D4950A-F2CB-421E-BC4E-2B867345A29D}.Release|Any CPU.Build.0 = Release|Any CPU
		{88E3E412-4BE1-4B09-9ADA-250C0429520A}.Debug|Any CPU.ActiveCfg = Debug|Any CPU
		{88E3E412-4BE1-4B09-9ADA-250C0429520A}.Debug|Any CPU.Build.0 = Debug|Any CPU
		{88E3E412-4BE1-4B09-9ADA-250C0429520A}.Release|Any CPU.ActiveCfg = Release|Any CPU
		{88E3E412-4BE1-4B09-9ADA-250C0429520A}.Release|Any CPU.Build.0 = Release|Any CPU
		{3570EFCD-C413-419C-9C00-3A7BF9EE1DB4}.Debug|Any CPU.ActiveCfg = Debug|Any CPU
		{3570EFCD-C413-419C-9C00-3A7BF9EE1DB4}.Debug|Any CPU.Build.0 = Debug|Any CPU
		{3570EFCD-C413-419C-9C00-3A7BF9EE1DB4}.Release|Any CPU.ActiveCfg = Release|Any CPU
		{3570EFCD-C413-419C-9C00-3A7BF9EE1DB4}.Release|Any CPU.Build.0 = Release|Any CPU
		{BE9099BE-5DC3-4E33-B2DB-C5B881F73584}.Debug|Any CPU.ActiveCfg = Debug|Any CPU
		{BE9099BE-5DC3-4E33-B2DB-C5B881F73584}.Debug|Any CPU.Build.0 = Debug|Any CPU
		{BE9099BE-5DC3-4E33-B2DB-C5B881F73584}.Release|Any CPU.ActiveCfg = Release|Any CPU
		{BE9099BE-5DC3-4E33-B2DB-C5B881F73584}.Release|Any CPU.Build.0 = Release|Any CPU
		{E70A9485-4A9C-41BC-AF8F-1B64755A9332}.Debug|Any CPU.ActiveCfg = Debug|Any CPU
		{E70A9485-4A9C-41BC-AF8F-1B64755A9332}.Debug|Any CPU.Build.0 = Debug|Any CPU
		{E70A9485-4A9C-41BC-AF8F-1B64755A9332}.Release|Any CPU.ActiveCfg = Release|Any CPU
		{E70A9485-4A9C-41BC-AF8F-1B64755A9332}.Release|Any CPU.Build.0 = Release|Any CPU
		{1CDA5BBC-CCC4-4C37-BC03-6233BF177E5A}.Debug|Any CPU.ActiveCfg = Debug|Any CPU
		{1CDA5BBC-CCC4-4C37-BC03-6233BF177E5A}.Debug|Any CPU.Build.0 = Debug|Any CPU
		{1CDA5BBC-CCC4-4C37-BC03-6233BF177E5A}.Release|Any CPU.ActiveCfg = Release|Any CPU
		{1CDA5BBC-CCC4-4C37-BC03-6233BF177E5A}.Release|Any CPU.Build.0 = Release|Any CPU
		{BDF5034F-5E2B-328B-CA81-A9700A5A1D3A}.Debug|Any CPU.ActiveCfg = Debug|Any CPU
		{BDF5034F-5E2B-328B-CA81-A9700A5A1D3A}.Debug|Any CPU.Build.0 = Debug|Any CPU
		{BDF5034F-5E2B-328B-CA81-A9700A5A1D3A}.Release|Any CPU.ActiveCfg = Release|Any CPU
		{BDF5034F-5E2B-328B-CA81-A9700A5A1D3A}.Release|Any CPU.Build.0 = Release|Any CPU
	EndGlobalSection
	GlobalSection(SolutionProperties) = preSolution
		HideSolutionNode = FALSE
	EndGlobalSection
	GlobalSection(NestedProjects) = preSolution
		{BBAF966B-8095-41EA-839C-C49B8622EF83} = {9059C6CB-6B5F-4758-B7CF-0B43D22B8983}
		{C09BD04E-4FD6-4AFD-A997-1B20122BFCBE} = {9059C6CB-6B5F-4758-B7CF-0B43D22B8983}
		{CED2D87B-A796-4372-8B69-4273850DF32D} = {9059C6CB-6B5F-4758-B7CF-0B43D22B8983}
		{A030528B-3E66-4B21-B839-80D859BBFE55} = {9059C6CB-6B5F-4758-B7CF-0B43D22B8983}
		{24D4950A-F2CB-421E-BC4E-2B867345A29D} = {9059C6CB-6B5F-4758-B7CF-0B43D22B8983}
		{88E3E412-4BE1-4B09-9ADA-250C0429520A} = {9059C6CB-6B5F-4758-B7CF-0B43D22B8983}
		{3570EFCD-C413-419C-9C00-3A7BF9EE1DB4} = {9059C6CB-6B5F-4758-B7CF-0B43D22B8983}
		{BE9099BE-5DC3-4E33-B2DB-C5B881F73584} = {9059C6CB-6B5F-4758-B7CF-0B43D22B8983}
		{E70A9485-4A9C-41BC-AF8F-1B64755A9332} = {9059C6CB-6B5F-4758-B7CF-0B43D22B8983}
		{1CDA5BBC-CCC4-4C37-BC03-6233BF177E5A} = {9059C6CB-6B5F-4758-B7CF-0B43D22B8983}
		{BDF5034F-5E2B-328B-CA81-A9700A5A1D3A} = {9059C6CB-6B5F-4758-B7CF-0B43D22B8983}
	EndGlobalSection
	GlobalSection(ExtensibilityGlobals) = postSolution
		SolutionGuid = {43F417E6-E7BB-4010-80CF-727F32D2A059}
	EndGlobalSection
EndGlobal
