
Microsoft Visual Studio Solution File, Format Version 12.00
# Visual Studio Version 17
VisualStudioVersion = 17.9.34902.65
MinimumVisualStudioVersion = 10.0.40219.1
Project("{9A19103F-16F7-4668-BE54-9A1E7A4F7556}") = "Carahsoft.Calliope", "Carahsoft.Calliope\Carahsoft.Calliope.csproj", "{2663EE96-0597-4415-9FA3-ED6DC08070C8}"
EndProject
Project("{FAE04EC0-301F-11D3-BF4B-00C04F79EFBC}") = "Carahsoft.Calliope.Example", "Carahsoft.Calliope.Example\Carahsoft.Calliope.Example.csproj", "{BBAF966B-8095-41EA-839C-C49B8622EF83}"
EndProject
Global
	GlobalSection(SolutionConfigurationPlatforms) = preSolution
		Debug|Any CPU = Debug|Any CPU
		Release|Any CPU = Release|Any CPU
	EndGlobalSection
	GlobalSection(ProjectConfigurationPlatforms) = postSolution
		{2663EE96-0597-4415-9FA3-ED6DC08070C8}.Debug|Any CPU.ActiveCfg = Debug|Any CPU
		{2663EE96-0597-4415-9FA3-ED6DC08070C8}.Debug|Any CPU.Build.0 = Debug|Any CPU
		{2663EE96-0597-4415-9FA3-ED6DC08070C8}.Release|Any CPU.ActiveCfg = Release|Any CPU
		{2663EE96-0597-4415-9FA3-ED6DC08070C8}.Release|Any CPU.Build.0 = Release|Any CPU
		{BBAF966B-8095-41EA-839C-C49B8622EF83}.Debug|Any CPU.ActiveCfg = Debug|Any CPU
		{BBAF966B-8095-41EA-839C-C49B8622EF83}.Debug|Any CPU.Build.0 = Debug|Any CPU
		{BBAF966B-8095-41EA-839C-C49B8622EF83}.Release|Any CPU.ActiveCfg = Release|Any CPU
		{BBAF966B-8095-41EA-839C-C49B8622EF83}.Release|Any CPU.Build.0 = Release|Any CPU
	EndGlobalSection
	GlobalSection(SolutionProperties) = preSolution
		HideSolutionNode = FALSE
	EndGlobalSection
	GlobalSection(ExtensibilityGlobals) = postSolution
		SolutionGuid = {43F417E6-E7BB-4010-80CF-727F32D2A059}
	EndGlobalSection
EndGlobal
